
Microsoft Visual Studio Solution File, Format Version 12.00
# Visual Studio 15
VisualStudioVersion = 15.0.26730.16
MinimumVisualStudioVersion = 10.0.40219.1
Project("{FAE04EC0-301F-11D3-BF4B-00C04F79EFBC}") = "Duck_Strategy_Pattern_Example", "Duck_Strategy_Pattern_Example\Duck_Strategy_Pattern_Example.csproj", "{381627F6-F16F-4665-891C-E4AE31DA14A1}"
EndProject
Project("{FAE04EC0-301F-11D3-BF4B-00C04F79EFBC}") = "Duck_Strategy_Pattern_Example_Test", "Duck_Strategy_Pattern_Example_Test\Duck_Strategy_Pattern_Example_Test.csproj", "{406259B4-50FD-4D7B-AF92-812500241D49}"
EndProject
Global
	GlobalSection(SolutionConfigurationPlatforms) = preSolution
		Debug|Any CPU = Debug|Any CPU
		Release|Any CPU = Release|Any CPU
	EndGlobalSection
	GlobalSection(ProjectConfigurationPlatforms) = postSolution
		{381627F6-F16F-4665-891C-E4AE31DA14A1}.Debug|Any CPU.ActiveCfg = Debug|Any CPU
		{381627F6-F16F-4665-891C-E4AE31DA14A1}.Debug|Any CPU.Build.0 = Debug|Any CPU
		{381627F6-F16F-4665-891C-E4AE31DA14A1}.Release|Any CPU.ActiveCfg = Release|Any CPU
		{381627F6-F16F-4665-891C-E4AE31DA14A1}.Release|Any CPU.Build.0 = Release|Any CPU
		{406259B4-50FD-4D7B-AF92-812500241D49}.Debug|Any CPU.ActiveCfg = Debug|Any CPU
		{406259B4-50FD-4D7B-AF92-812500241D49}.Debug|Any CPU.Build.0 = Debug|Any CPU
		{406259B4-50FD-4D7B-AF92-812500241D49}.Release|Any CPU.ActiveCfg = Release|Any CPU
		{406259B4-50FD-4D7B-AF92-812500241D49}.Release|Any CPU.Build.0 = Release|Any CPU
	EndGlobalSection
	GlobalSection(SolutionProperties) = preSolution
		HideSolutionNode = FALSE
	EndGlobalSection
	GlobalSection(ExtensibilityGlobals) = postSolution
		SolutionGuid = {07D17B42-4442-4F41-9BAD-EE6668C5E96F}
	EndGlobalSection
EndGlobal
